
Microsoft Visual Studio Solution File, Format Version 12.00
# Visual Studio Express 2012 for Windows Phone
Project("{FAE04EC0-301F-11D3-BF4B-00C04F79EFBC}") = "Move Quiz", "Move Quiz\Move Quiz.csproj", "{CA813A70-FC91-4143-A436-47A62F068EB3}"
EndProject
Global
	GlobalSection(SolutionConfigurationPlatforms) = preSolution
		Debug|Any CPU = Debug|Any CPU
		Release|Any CPU = Release|Any CPU
	EndGlobalSection
	GlobalSection(ProjectConfigurationPlatforms) = postSolution
		{CA813A70-FC91-4143-A436-47A62F068EB3}.Debug|Any CPU.ActiveCfg = Debug|Any CPU
		{CA813A70-FC91-4143-A436-47A62F068EB3}.Debug|Any CPU.Build.0 = Debug|Any CPU
		{CA813A70-FC91-4143-A436-47A62F068EB3}.Debug|Any CPU.Deploy.0 = Debug|Any CPU
		{CA813A70-FC91-4143-A436-47A62F068EB3}.Release|Any CPU.ActiveCfg = Release|Any CPU
		{CA813A70-FC91-4143-A436-47A62F068EB3}.Release|Any CPU.Build.0 = Release|Any CPU
		{CA813A70-FC91-4143-A436-47A62F068EB3}.Release|Any CPU.Deploy.0 = Release|Any CPU
	EndGlobalSection
	GlobalSection(SolutionProperties) = preSolution
		HideSolutionNode = FALSE
	EndGlobalSection
EndGlobal
